
Microsoft Visual Studio Solution File, Format Version 12.00
# Visual Studio Version 17
VisualStudioVersion = 17.14.37411.7 d17.14
MinimumVisualStudioVersion = 10.0.40219.1
Project("{FAE04EC0-301F-11D3-BF4B-00C04F79EFBC}") = "PrintKmBack", "PrintKmBack\PrintKmBack.csproj", "{5920F686-3246-49BB-B0D1-2B424D5FB6CE}"
EndProject
Global
	GlobalSection(SolutionConfigurationPlatforms) = preSolution
		Debug|Any CPU = Debug|Any CPU
		Release|Any CPU = Release|Any CPU
	EndGlobalSection
	GlobalSection(ProjectConfigurationPlatforms) = postSolution
		{5920F686-3246-49BB-B0D1-2B424D5FB6CE}.Debug|Any CPU.ActiveCfg = Debug|Any CPU
		{5920F686-3246-49BB-B0D1-2B424D5FB6CE}.Debug|Any CPU.Build.0 = Debug|Any CPU
		{5920F686-3246-49BB-B0D1-2B424D5FB6CE}.Release|Any CPU.ActiveCfg = Release|Any CPU
		{5920F686-3246-49BB-B0D1-2B424D5FB6CE}.Release|Any CPU.Build.0 = Release|Any CPU
	EndGlobalSection
	GlobalSection(SolutionProperties) = preSolution
		HideSolutionNode = FALSE
	EndGlobalSection
	GlobalSection(ExtensibilityGlobals) = postSolution
		SolutionGuid = {5A9E4288-4CE4-47F1-937B-CA7BDA1E51C8}
	EndGlobalSection
EndGlobal
